// !$*UTF8*$!
{
	archiveVersion = 1;
	classes = {
	};
	objectVersion = 50;
	objects = {

/* Begin PBXBuildFile section */
		D53D376525D7EB950070FC14 /* AppDelegate.swift in Sources */ = {isa = PBXBuildFile; fileRef = D53D376425D7EB950070FC14 /* AppDelegate.swift */; };
		D53D376725D7EB950070FC14 /* SceneDelegate.swift in Sources */ = {isa = PBXBuildFile; fileRef = D53D376625D7EB950070FC14 /* SceneDelegate.swift */; };
		D53D376E25D7EB960070FC14 /* Assets.xcassets in Resources */ = {isa = PBXBuildFile; fileRef = D53D376D25D7EB960070FC14 /* Assets.xcassets */; };
		D53D377125D7EB960070FC14 /* LaunchScreen.storyboard in Resources */ = {isa = PBXBuildFile; fileRef = D53D376F25D7EB960070FC14 /* LaunchScreen.storyboard */; };
		D53D378B25D7EFE40070FC14 /* UserLIstViewController.swift in Sources */ = {isa = PBXBuildFile; fileRef = D53D378A25D7EFE40070FC14 /* UserLIstViewController.swift */; };
		D53D378E25D7F03B0070FC14 /* UserListPresenter.swift in Sources */ = {isa = PBXBuildFile; fileRef = D53D378D25D7F03B0070FC14 /* UserListPresenter.swift */; };
		D53D379125D7F0C10070FC14 /* UserListInteractor.swift in Sources */ = {isa = PBXBuildFile; fileRef = D53D379025D7F0C10070FC14 /* UserListInteractor.swift */; };
		D53D379425D7F1030070FC14 /* UserListRouter.swift in Sources */ = {isa = PBXBuildFile; fileRef = D53D379325D7F1030070FC14 /* UserListRouter.swift */; };
		D53D379725D7F1260070FC14 /* UserDetailsViewController.swift in Sources */ = {isa = PBXBuildFile; fileRef = D53D379625D7F1260070FC14 /* UserDetailsViewController.swift */; };
		D53D379A25D7F1410070FC14 /* UserDetails.storyboard in Resources */ = {isa = PBXBuildFile; fileRef = D53D379925D7F1410070FC14 /* UserDetails.storyboard */; };
		D53D379D25D7F1640070FC14 /* UserDetailsPresenter.swift in Sources */ = {isa = PBXBuildFile; fileRef = D53D379C25D7F1640070FC14 /* UserDetailsPresenter.swift */; };
		D53D37A025D7F1800070FC14 /* UserDetailsInteractor.swift in Sources */ = {isa = PBXBuildFile; fileRef = D53D379F25D7F1800070FC14 /* UserDetailsInteractor.swift */; };
		D53D37A325D7F1C50070FC14 /* UserDetailsRouter.swift in Sources */ = {isa = PBXBuildFile; fileRef = D53D37A225D7F1C50070FC14 /* UserDetailsRouter.swift */; };
		D53D37A625D7F2650070FC14 /* UserList.storyboard in Resources */ = {isa = PBXBuildFile; fileRef = D53D37A525D7F2650070FC14 /* UserList.storyboard */; };
		D53D37A925D7F3570070FC14 /* Users.swift in Sources */ = {isa = PBXBuildFile; fileRef = D53D37A825D7F3570070FC14 /* Users.swift */; };
		D53D37AC25D7F3640070FC14 /* User.swift in Sources */ = {isa = PBXBuildFile; fileRef = D53D37AB25D7F3640070FC14 /* User.swift */; };
		D53D37AF25D7F3FB0070FC14 /* ApiService.swift in Sources */ = {isa = PBXBuildFile; fileRef = D53D37AE25D7F3FB0070FC14 /* ApiService.swift */; };
		D53D37B225D7F40D0070FC14 /* NetworkService.swift in Sources */ = {isa = PBXBuildFile; fileRef = D53D37B125D7F40D0070FC14 /* NetworkService.swift */; };
		D53D37B625D7F67C0070FC14 /* UserListPresenterInput.swift in Sources */ = {isa = PBXBuildFile; fileRef = D53D37B525D7F67C0070FC14 /* UserListPresenterInput.swift */; };
		D53D37B925D7F6F80070FC14 /* UserListPresenterOutput.swift in Sources */ = {isa = PBXBuildFile; fileRef = D53D37B825D7F6F80070FC14 /* UserListPresenterOutput.swift */; };
		D53D37BC25D7F7FD0070FC14 /* UserListInteractorInput.swift in Sources */ = {isa = PBXBuildFile; fileRef = D53D37BB25D7F7FD0070FC14 /* UserListInteractorInput.swift */; };
		D53D37BF25D7F83D0070FC14 /* UserListInteractorOutput.swift in Sources */ = {isa = PBXBuildFile; fileRef = D53D37BE25D7F83D0070FC14 /* UserListInteractorOutput.swift */; };
		D53D37C225D7F8950070FC14 /* UserListRouterInput.swift in Sources */ = {isa = PBXBuildFile; fileRef = D53D37C125D7F8950070FC14 /* UserListRouterInput.swift */; };
		D53D37C525D7F9C70070FC14 /* UserDetailsPresenterInput.swift in Sources */ = {isa = PBXBuildFile; fileRef = D53D37C425D7F9C70070FC14 /* UserDetailsPresenterInput.swift */; };
		D53D37C825D7F9F50070FC14 /* UserDetailsPresenterOutput.swift in Sources */ = {isa = PBXBuildFile; fileRef = D53D37C725D7F9F50070FC14 /* UserDetailsPresenterOutput.swift */; };
		D53D37CB25D7FA160070FC14 /* UserDetailsInteractorInput.swift in Sources */ = {isa = PBXBuildFile; fileRef = D53D37CA25D7FA160070FC14 /* UserDetailsInteractorInput.swift */; };
		D53D37CE25D7FA460070FC14 /* UserDetailsInteractorOutput.swift in Sources */ = {isa = PBXBuildFile; fileRef = D53D37CD25D7FA460070FC14 /* UserDetailsInteractorOutput.swift */; };
		D53D37D125D7FB340070FC14 /* UserDetailsRouterInput.swift in Sources */ = {isa = PBXBuildFile; fileRef = D53D37D025D7FB340070FC14 /* UserDetailsRouterInput.swift */; };
/* End PBXBuildFile section */

/* Begin PBXFileReference section */
		D53D376125D7EB950070FC14 /* GithubUsersViperTestTask.app */ = {isa = PBXFileReference; explicitFileType = wrapper.application; includeInIndex = 0; path = GithubUsersViperTestTask.app; sourceTree = BUILT_PRODUCTS_DIR; };
		D53D376425D7EB950070FC14 /* AppDelegate.swift */ = {isa = PBXFileReference; lastKnownFileType = sourcecode.swift; path = AppDelegate.swift; sourceTree = "<group>"; };
		D53D376625D7EB950070FC14 /* SceneDelegate.swift */ = {isa = PBXFileReference; lastKnownFileType = sourcecode.swift; path = SceneDelegate.swift; sourceTree = "<group>"; };
		D53D376D25D7EB960070FC14 /* Assets.xcassets */ = {isa = PBXFileReference; lastKnownFileType = folder.assetcatalog; path = Assets.xcassets; sourceTree = "<group>"; };
		D53D377025D7EB960070FC14 /* Base */ = {isa = PBXFileReference; lastKnownFileType = file.storyboard; name = Base; path = Base.lproj/LaunchScreen.storyboard; sourceTree = "<group>"; };
		D53D377225D7EB960070FC14 /* Info.plist */ = {isa = PBXFileReference; lastKnownFileType = text.plist.xml; path = Info.plist; sourceTree = "<group>"; };
		D53D378A25D7EFE40070FC14 /* UserLIstViewController.swift */ = {isa = PBXFileReference; lastKnownFileType = sourcecode.swift; path = UserLIstViewController.swift; sourceTree = "<group>"; };
		D53D378D25D7F03B0070FC14 /* UserListPresenter.swift */ = {isa = PBXFileReference; lastKnownFileType = sourcecode.swift; path = UserListPresenter.swift; sourceTree = "<group>"; };
		D53D379025D7F0C10070FC14 /* UserListInteractor.swift */ = {isa = PBXFileReference; lastKnownFileType = sourcecode.swift; path = UserListInteractor.swift; sourceTree = "<group>"; };
		D53D379325D7F1030070FC14 /* UserListRouter.swift */ = {isa = PBXFileReference; lastKnownFileType = sourcecode.swift; path = UserListRouter.swift; sourceTree = "<group>"; };
		D53D379625D7F1260070FC14 /* UserDetailsViewController.swift */ = {isa = PBXFileReference; lastKnownFileType = sourcecode.swift; path = UserDetailsViewController.swift; sourceTree = "<group>"; };
		D53D379925D7F1410070FC14 /* UserDetails.storyboard */ = {isa = PBXFileReference; lastKnownFileType = file.storyboard; path = UserDetails.storyboard; sourceTree = "<group>"; };
		D53D379C25D7F1640070FC14 /* UserDetailsPresenter.swift */ = {isa = PBXFileReference; lastKnownFileType = sourcecode.swift; path = UserDetailsPresenter.swift; sourceTree = "<group>"; };
		D53D379F25D7F1800070FC14 /* UserDetailsInteractor.swift */ = {isa = PBXFileReference; lastKnownFileType = sourcecode.swift; path = UserDetailsInteractor.swift; sourceTree = "<group>"; };
		D53D37A225D7F1C50070FC14 /* UserDetailsRouter.swift */ = {isa = PBXFileReference; lastKnownFileType = sourcecode.swift; path = UserDetailsRouter.swift; sourceTree = "<group>"; };
		D53D37A525D7F2650070FC14 /* UserList.storyboard */ = {isa = PBXFileReference; lastKnownFileType = file.storyboard; path = UserList.storyboard; sourceTree = "<group>"; };
		D53D37A825D7F3570070FC14 /* Users.swift */ = {isa = PBXFileReference; lastKnownFileType = sourcecode.swift; path = Users.swift; sourceTree = "<group>"; };
		D53D37AB25D7F3640070FC14 /* User.swift */ = {isa = PBXFileReference; lastKnownFileType = sourcecode.swift; path = User.swift; sourceTree = "<group>"; };
		D53D37AE25D7F3FB0070FC14 /* ApiService.swift */ = {isa = PBXFileReference; lastKnownFileType = sourcecode.swift; path = ApiService.swift; sourceTree = "<group>"; };
		D53D37B125D7F40D0070FC14 /* NetworkService.swift */ = {isa = PBXFileReference; lastKnownFileType = sourcecode.swift; path = NetworkService.swift; sourceTree = "<group>"; };
		D53D37B525D7F67C0070FC14 /* UserListPresenterInput.swift */ = {isa = PBXFileReference; lastKnownFileType = sourcecode.swift; path = UserListPresenterInput.swift; sourceTree = "<group>"; };
		D53D37B825D7F6F80070FC14 /* UserListPresenterOutput.swift */ = {isa = PBXFileReference; lastKnownFileType = sourcecode.swift; path = UserListPresenterOutput.swift; sourceTree = "<group>"; };
		D53D37BB25D7F7FD0070FC14 /* UserListInteractorInput.swift */ = {isa = PBXFileReference; lastKnownFileType = sourcecode.swift; path = UserListInteractorInput.swift; sourceTree = "<group>"; };
		D53D37BE25D7F83D0070FC14 /* UserListInteractorOutput.swift */ = {isa = PBXFileReference; lastKnownFileType = sourcecode.swift; path = UserListInteractorOutput.swift; sourceTree = "<group>"; };
		D53D37C125D7F8950070FC14 /* UserListRouterInput.swift */ = {isa = PBXFileReference; lastKnownFileType = sourcecode.swift; path = UserListRouterInput.swift; sourceTree = "<group>"; };
		D53D37C425D7F9C70070FC14 /* UserDetailsPresenterInput.swift */ = {isa = PBXFileReference; lastKnownFileType = sourcecode.swift; path = UserDetailsPresenterInput.swift; sourceTree = "<group>"; };
		D53D37C725D7F9F50070FC14 /* UserDetailsPresenterOutput.swift */ = {isa = PBXFileReference; lastKnownFileType = sourcecode.swift; path = UserDetailsPresenterOutput.swift; sourceTree = "<group>"; };
		D53D37CA25D7FA160070FC14 /* UserDetailsInteractorInput.swift */ = {isa = PBXFileReference; lastKnownFileType = sourcecode.swift; path = UserDetailsInteractorInput.swift; sourceTree = "<group>"; };
		D53D37CD25D7FA460070FC14 /* UserDetailsInteractorOutput.swift */ = {isa = PBXFileReference; lastKnownFileType = sourcecode.swift; path = UserDetailsInteractorOutput.swift; sourceTree = "<group>"; };
		D53D37D025D7FB340070FC14 /* UserDetailsRouterInput.swift */ = {isa = PBXFileReference; lastKnownFileType = sourcecode.swift; path = UserDetailsRouterInput.swift; sourceTree = "<group>"; };
/* End PBXFileReference section */

/* Begin PBXFrameworksBuildPhase section */
		D53D375E25D7EB950070FC14 /* Frameworks */ = {
			isa = PBXFrameworksBuildPhase;
			buildActionMask = 2147483647;
			files = (
			);
			runOnlyForDeploymentPostprocessing = 0;
		};
/* End PBXFrameworksBuildPhase section */

/* Begin PBXGroup section */
		D53D375825D7EB950070FC14 = {
			isa = PBXGroup;
			children = (
				D53D376325D7EB950070FC14 /* GithubUsersViperTestTask */,
				D53D376225D7EB950070FC14 /* Products */,
			);
			sourceTree = "<group>";
		};
		D53D376225D7EB950070FC14 /* Products */ = {
			isa = PBXGroup;
			children = (
				D53D376125D7EB950070FC14 /* GithubUsersViperTestTask.app */,
			);
			name = Products;
			sourceTree = "<group>";
		};
		D53D376325D7EB950070FC14 /* GithubUsersViperTestTask */ = {
			isa = PBXGroup;
			children = (
				D53D377E25D7EE250070FC14 /* Common */,
				D53D377C25D7EDEB0070FC14 /* Entities */,
				D53D377A25D7EBBF0070FC14 /* Services */,
				D53D377925D7EBAF0070FC14 /* Modules */,
				D53D376D25D7EB960070FC14 /* Assets.xcassets */,
				D53D376F25D7EB960070FC14 /* LaunchScreen.storyboard */,
				D53D377225D7EB960070FC14 /* Info.plist */,
			);
			path = GithubUsersViperTestTask;
			sourceTree = "<group>";
		};
		D53D377925D7EBAF0070FC14 /* Modules */ = {
			isa = PBXGroup;
			children = (
				D53D377F25D7EE6C0070FC14 /* UserList */,
				D53D378025D7EE7B0070FC14 /* UserDetails */,
			);
			path = Modules;
			sourceTree = "<group>";
		};
		D53D377A25D7EBBF0070FC14 /* Services */ = {
			isa = PBXGroup;
			children = (
				D53D37AE25D7F3FB0070FC14 /* ApiService.swift */,
				D53D37B125D7F40D0070FC14 /* NetworkService.swift */,
			);
			path = Services;
			sourceTree = "<group>";
		};
		D53D377C25D7EDEB0070FC14 /* Entities */ = {
			isa = PBXGroup;
			children = (
				D53D37A825D7F3570070FC14 /* Users.swift */,
				D53D37AB25D7F3640070FC14 /* User.swift */,
			);
			path = Entities;
			sourceTree = "<group>";
		};
		D53D377E25D7EE250070FC14 /* Common */ = {
			isa = PBXGroup;
			children = (
				D53D376425D7EB950070FC14 /* AppDelegate.swift */,
				D53D376625D7EB950070FC14 /* SceneDelegate.swift */,
			);
			path = Common;
			sourceTree = "<group>";
		};
		D53D377F25D7EE6C0070FC14 /* UserList */ = {
			isa = PBXGroup;
			children = (
				D53D378425D7EED10070FC14 /* Router */,
				D53D378325D7EEC70070FC14 /* Interactor */,
				D53D378225D7EEBD0070FC14 /* Presenter */,
				D53D378125D7EEB30070FC14 /* View */,
			);
			path = UserList;
			sourceTree = "<group>";
		};
		D53D378025D7EE7B0070FC14 /* UserDetails */ = {
			isa = PBXGroup;
			children = (
				D53D378825D7EF310070FC14 /* Router */,
				D53D378725D7EF2A0070FC14 /* Interactor */,
				D53D378625D7EF240070FC14 /* Presenter */,
				D53D378525D7EF200070FC14 /* View */,
			);
			path = UserDetails;
			sourceTree = "<group>";
		};
		D53D378125D7EEB30070FC14 /* View */ = {
			isa = PBXGroup;
			children = (
				D53D378A25D7EFE40070FC14 /* UserLIstViewController.swift */,
				D53D37A525D7F2650070FC14 /* UserList.storyboard */,
			);
			path = View;
			sourceTree = "<group>";
		};
		D53D378225D7EEBD0070FC14 /* Presenter */ = {
			isa = PBXGroup;
			children = (
				D53D378D25D7F03B0070FC14 /* UserListPresenter.swift */,
				D53D37B525D7F67C0070FC14 /* UserListPresenterInput.swift */,
				D53D37B825D7F6F80070FC14 /* UserListPresenterOutput.swift */,
			);
			path = Presenter;
			sourceTree = "<group>";
		};
		D53D378325D7EEC70070FC14 /* Interactor */ = {
			isa = PBXGroup;
			children = (
				D53D379025D7F0C10070FC14 /* UserListInteractor.swift */,
				D53D37BB25D7F7FD0070FC14 /* UserListInteractorInput.swift */,
				D53D37BE25D7F83D0070FC14 /* UserListInteractorOutput.swift */,
			);
			path = Interactor;
			sourceTree = "<group>";
		};
		D53D378425D7EED10070FC14 /* Router */ = {
			isa = PBXGroup;
			children = (
				D53D379325D7F1030070FC14 /* UserListRouter.swift */,
				D53D37C125D7F8950070FC14 /* UserListRouterInput.swift */,
			);
			path = Router;
			sourceTree = "<group>";
		};
		D53D378525D7EF200070FC14 /* View */ = {
			isa = PBXGroup;
			children = (
				D53D379625D7F1260070FC14 /* UserDetailsViewController.swift */,
				D53D379925D7F1410070FC14 /* UserDetails.storyboard */,
			);
			path = View;
			sourceTree = "<group>";
		};
		D53D378625D7EF240070FC14 /* Presenter */ = {
			isa = PBXGroup;
			children = (
				D53D379C25D7F1640070FC14 /* UserDetailsPresenter.swift */,
				D53D37C425D7F9C70070FC14 /* UserDetailsPresenterInput.swift */,
				D53D37C725D7F9F50070FC14 /* UserDetailsPresenterOutput.swift */,
			);
			path = Presenter;
			sourceTree = "<group>";
		};
		D53D378725D7EF2A0070FC14 /* Interactor */ = {
			isa = PBXGroup;
			children = (
				D53D379F25D7F1800070FC14 /* UserDetailsInteractor.swift */,
				D53D37CA25D7FA160070FC14 /* UserDetailsInteractorInput.swift */,
				D53D37CD25D7FA460070FC14 /* UserDetailsInteractorOutput.swift */,
			);
			path = Interactor;
			sourceTree = "<group>";
		};
		D53D378825D7EF310070FC14 /* Router */ = {
			isa = PBXGroup;
			children = (
				D53D37A225D7F1C50070FC14 /* UserDetailsRouter.swift */,
				D53D37D025D7FB340070FC14 /* UserDetailsRouterInput.swift */,
			);
			path = Router;
			sourceTree = "<group>";
		};
/* End PBXGroup section */

/* Begin PBXNativeTarget section */
		D53D376025D7EB950070FC14 /* GithubUsersViperTestTask */ = {
			isa = PBXNativeTarget;
			buildConfigurationList = D53D377525D7EB960070FC14 /* Build configuration list for PBXNativeTarget "GithubUsersViperTestTask" */;
			buildPhases = (
				D53D375D25D7EB950070FC14 /* Sources */,
				D53D375E25D7EB950070FC14 /* Frameworks */,
				D53D375F25D7EB950070FC14 /* Resources */,
			);
			buildRules = (
			);
			dependencies = (
			);
			name = GithubUsersViperTestTask;
			productName = GithubUsersViperTestTask;
			productReference = D53D376125D7EB950070FC14 /* GithubUsersViperTestTask.app */;
			productType = "com.apple.product-type.application";
		};
/* End PBXNativeTarget section */

/* Begin PBXProject section */
		D53D375925D7EB950070FC14 /* Project object */ = {
			isa = PBXProject;
			attributes = {
				LastSwiftUpdateCheck = 1220;
				LastUpgradeCheck = 1220;
				TargetAttributes = {
					D53D376025D7EB950070FC14 = {
						CreatedOnToolsVersion = 12.2;
					};
				};
			};
			buildConfigurationList = D53D375C25D7EB950070FC14 /* Build configuration list for PBXProject "GithubUsersViperTestTask" */;
			compatibilityVersion = "Xcode 9.3";
			developmentRegion = en;
			hasScannedForEncodings = 0;
			knownRegions = (
				en,
				Base,
			);
			mainGroup = D53D375825D7EB950070FC14;
			productRefGroup = D53D376225D7EB950070FC14 /* Products */;
			projectDirPath = "";
			projectRoot = "";
			targets = (
				D53D376025D7EB950070FC14 /* GithubUsersViperTestTask */,
			);
		};
/* End PBXProject section */

/* Begin PBXResourcesBuildPhase section */
		D53D375F25D7EB950070FC14 /* Resources */ = {
			isa = PBXResourcesBuildPhase;
			buildActionMask = 2147483647;
			files = (
				D53D379A25D7F1410070FC14 /* UserDetails.storyboard in Resources */,
				D53D37A625D7F2650070FC14 /* UserList.storyboard in Resources */,
				D53D377125D7EB960070FC14 /* LaunchScreen.storyboard in Resources */,
				D53D376E25D7EB960070FC14 /* Assets.xcassets in Resources */,
			);
			runOnlyForDeploymentPostprocessing = 0;
		};
/* End PBXResourcesBuildPhase section */

/* Begin PBXSourcesBuildPhase section */
		D53D375D25D7EB950070FC14 /* Sources */ = {
			isa = PBXSourcesBuildPhase;
			buildActionMask = 2147483647;
			files = (
				D53D37B625D7F67C0070FC14 /* UserListPresenterInput.swift in Sources */,
				D53D37CE25D7FA460070FC14 /* UserDetailsInteractorOutput.swift in Sources */,
				D53D37AC25D7F3640070FC14 /* User.swift in Sources */,
				D53D37CB25D7FA160070FC14 /* UserDetailsInteractorInput.swift in Sources */,
				D53D37BF25D7F83D0070FC14 /* UserListInteractorOutput.swift in Sources */,
				D53D379125D7F0C10070FC14 /* UserListInteractor.swift in Sources */,
				D53D378B25D7EFE40070FC14 /* UserLIstViewController.swift in Sources */,
				D53D379425D7F1030070FC14 /* UserListRouter.swift in Sources */,
				D53D37A925D7F3570070FC14 /* Users.swift in Sources */,
				D53D376525D7EB950070FC14 /* AppDelegate.swift in Sources */,
				D53D37A325D7F1C50070FC14 /* UserDetailsRouter.swift in Sources */,
				D53D376725D7EB950070FC14 /* SceneDelegate.swift in Sources */,
				D53D37A025D7F1800070FC14 /* UserDetailsInteractor.swift in Sources */,
				D53D37C825D7F9F50070FC14 /* UserDetailsPresenterOutput.swift in Sources */,
				D53D37C525D7F9C70070FC14 /* UserDetailsPresenterInput.swift in Sources */,
				D53D37B225D7F40D0070FC14 /* NetworkService.swift in Sources */,
				D53D379725D7F1260070FC14 /* UserDetailsViewController.swift in Sources */,
				D53D37C225D7F8950070FC14 /* UserListRouterInput.swift in Sources */,
				D53D37B925D7F6F80070FC14 /* UserListPresenterOutput.swift in Sources */,
				D53D37BC25D7F7FD0070FC14 /* UserListInteractorInput.swift in Sources */,
				D53D379D25D7F1640070FC14 /* UserDetailsPresenter.swift in Sources */,
				D53D37D125D7FB340070FC14 /* UserDetailsRouterInput.swift in Sources */,
				D53D37AF25D7F3FB0070FC14 /* ApiService.swift in Sources */,
				D53D378E25D7F03B0070FC14 /* UserListPresenter.swift in Sources */,
			);
			runOnlyForDeploymentPostprocessing = 0;
		};
/* End PBXSourcesBuildPhase section */

/* Begin PBXVariantGroup section */
		D53D376F25D7EB960070FC14 /* LaunchScreen.storyboard */ = {
			isa = PBXVariantGroup;
			children = (
				D53D377025D7EB960070FC14 /* Base */,
			);
			name = LaunchScreen.storyboard;
			sourceTree = "<group>";
		};
/* End PBXVariantGroup section */

/* Begin XCBuildConfiguration section */
		D53D377325D7EB960070FC14 /* Debug */ = {
			isa = XCBuildConfiguration;
			buildSettings = {
				ALWAYS_SEARCH_USER_PATHS = NO;
				CLANG_ANALYZER_NONNULL = YES;
				CLANG_ANALYZER_NUMBER_OBJECT_CONVERSION = YES_AGGRESSIVE;
				CLANG_CXX_LANGUAGE_STANDARD = "gnu++14";
				CLANG_CXX_LIBRARY = "libc++";
				CLANG_ENABLE_MODULES = YES;
				CLANG_ENABLE_OBJC_ARC = YES;
				CLANG_ENABLE_OBJC_WEAK = YES;
				CLANG_WARN_BLOCK_CAPTURE_AUTORELEASING = YES;
				CLANG_WARN_BOOL_CONVERSION = YES;
				CLANG_WARN_COMMA = YES;
				CLANG_WARN_CONSTANT_CONVERSION = YES;
				CLANG_WARN_DEPRECATED_OBJC_IMPLEMENTATIONS = YES;
				CLANG_WARN_DIRECT_OBJC_ISA_USAGE = YES_ERROR;
				CLANG_WARN_DOCUMENTATION_COMMENTS = YES;
				CLANG_WARN_EMPTY_BODY = YES;
				CLANG_WARN_ENUM_CONVERSION = YES;
				CLANG_WARN_INFINITE_RECURSION = YES;
				CLANG_WARN_INT_CONVERSION = YES;
				CLANG_WARN_NON_LITERAL_NULL_CONVERSION = YES;
				CLANG_WARN_OBJC_IMPLICIT_RETAIN_SELF = YES;
				CLANG_WARN_OBJC_LITERAL_CONVERSION = YES;
				CLANG_WARN_OBJC_ROOT_CLASS = YES_ERROR;
				CLANG_WARN_QUOTED_INCLUDE_IN_FRAMEWORK_HEADER = YES;
				CLANG_WARN_RANGE_LOOP_ANALYSIS = YES;
				CLANG_WARN_STRICT_PROTOTYPES = YES;
				CLANG_WARN_SUSPICIOUS_MOVE = YES;
				CLANG_WARN_UNGUARDED_AVAILABILITY = YES_AGGRESSIVE;
				CLANG_WARN_UNREACHABLE_CODE = YES;
				CLANG_WARN__DUPLICATE_METHOD_MATCH = YES;
				COPY_PHASE_STRIP = NO;
				DEBUG_INFORMATION_FORMAT = dwarf;
				ENABLE_STRICT_OBJC_MSGSEND = YES;
				ENABLE_TESTABILITY = YES;
				GCC_C_LANGUAGE_STANDARD = gnu11;
				GCC_DYNAMIC_NO_PIC = NO;
				GCC_NO_COMMON_BLOCKS = YES;
				GCC_OPTIMIZATION_LEVEL = 0;
				GCC_PREPROCESSOR_DEFINITIONS = (
					"DEBUG=1",
					"$(inherited)",
				);
				GCC_WARN_64_TO_32_BIT_CONVERSION = YES;
				GCC_WARN_ABOUT_RETURN_TYPE = YES_ERROR;
				GCC_WARN_UNDECLARED_SELECTOR = YES;
				GCC_WARN_UNINITIALIZED_AUTOS = YES_AGGRESSIVE;
				GCC_WARN_UNUSED_FUNCTION = YES;
				GCC_WARN_UNUSED_VARIABLE = YES;
				IPHONEOS_DEPLOYMENT_TARGET = 14.2;
				MTL_ENABLE_DEBUG_INFO = INCLUDE_SOURCE;
				MTL_FAST_MATH = YES;
				ONLY_ACTIVE_ARCH = YES;
				SDKROOT = iphoneos;
				SWIFT_ACTIVE_COMPILATION_CONDITIONS = DEBUG;
				SWIFT_OPTIMIZATION_LEVEL = "-Onone";
			};
			name = Debug;
		};
		D53D377425D7EB960070FC14 /* Release */ = {
			isa = XCBuildConfiguration;
			buildSettings = {
				ALWAYS_SEARCH_USER_PATHS = NO;
				CLANG_ANALYZER_NONNULL = YES;
				CLANG_ANALYZER_NUMBER_OBJECT_CONVERSION = YES_AGGRESSIVE;
				CLANG_CXX_LANGUAGE_STANDARD = "gnu++14";
				CLANG_CXX_LIBRARY = "libc++";
				CLANG_ENABLE_MODULES = YES;
				CLANG_ENABLE_OBJC_ARC = YES;
				CLANG_ENABLE_OBJC_WEAK = YES;
				CLANG_WARN_BLOCK_CAPTURE_AUTORELEASING = YES;
				CLANG_WARN_BOOL_CONVERSION = YES;
				CLANG_WARN_COMMA = YES;
				CLANG_WARN_CONSTANT_CONVERSION = YES;
				CLANG_WARN_DEPRECATED_OBJC_IMPLEMENTATIONS = YES;
				CLANG_WARN_DIRECT_OBJC_ISA_USAGE = YES_ERROR;
				CLANG_WARN_DOCUMENTATION_COMMENTS = YES;
				CLANG_WARN_EMPTY_BODY = YES;
				CLANG_WARN_ENUM_CONVERSION = YES;
				CLANG_WARN_INFINITE_RECURSION = YES;
				CLANG_WARN_INT_CONVERSION = YES;
				CLANG_WARN_NON_LITERAL_NULL_CONVERSION = YES;
				CLANG_WARN_OBJC_IMPLICIT_RETAIN_SELF = YES;
				CLANG_WARN_OBJC_LITERAL_CONVERSION = YES;
				CLANG_WARN_OBJC_ROOT_CLASS = YES_ERROR;
				CLANG_WARN_QUOTED_INCLUDE_IN_FRAMEWORK_HEADER = YES;
				CLANG_WARN_RANGE_LOOP_ANALYSIS = YES;
				CLANG_WARN_STRICT_PROTOTYPES = YES;
				CLANG_WARN_SUSPICIOUS_MOVE = YES;
				CLANG_WARN_UNGUARDED_AVAILABILITY = YES_AGGRESSIVE;
				CLANG_WARN_UNREACHABLE_CODE = YES;
				CLANG_WARN__DUPLICATE_METHOD_MATCH = YES;
				COPY_PHASE_STRIP = NO;
				DEBUG_INFORMATION_FORMAT = "dwarf-with-dsym";
				ENABLE_NS_ASSERTIONS = NO;
				ENABLE_STRICT_OBJC_MSGSEND = YES;
				GCC_C_LANGUAGE_STANDARD = gnu11;
				GCC_NO_COMMON_BLOCKS = YES;
				GCC_WARN_64_TO_32_BIT_CONVERSION = YES;
				GCC_WARN_ABOUT_RETURN_TYPE = YES_ERROR;
				GCC_WARN_UNDECLARED_SELECTOR = YES;
				GCC_WARN_UNINITIALIZED_AUTOS = YES_AGGRESSIVE;
				GCC_WARN_UNUSED_FUNCTION = YES;
				GCC_WARN_UNUSED_VARIABLE = YES;
				IPHONEOS_DEPLOYMENT_TARGET = 14.2;
				MTL_ENABLE_DEBUG_INFO = NO;
				MTL_FAST_MATH = YES;
				SDKROOT = iphoneos;
				SWIFT_COMPILATION_MODE = wholemodule;
				SWIFT_OPTIMIZATION_LEVEL = "-O";
				VALIDATE_PRODUCT = YES;
			};
			name = Release;
		};
		D53D377625D7EB960070FC14 /* Debug */ = {
			isa = XCBuildConfiguration;
			buildSettings = {
				ASSETCATALOG_COMPILER_APPICON_NAME = AppIcon;
				ASSETCATALOG_COMPILER_GLOBAL_ACCENT_COLOR_NAME = AccentColor;
				CODE_SIGN_STYLE = Automatic;
				INFOPLIST_FILE = GithubUsersViperTestTask/Info.plist;
				LD_RUNPATH_SEARCH_PATHS = (
					"$(inherited)",
					"@executable_path/Frameworks",
				);
				PRODUCT_BUNDLE_IDENTIFIER = Kt.GithubUsersViperTestTask;
				PRODUCT_NAME = "$(TARGET_NAME)";
				SWIFT_VERSION = 5.0;
				TARGETED_DEVICE_FAMILY = "1,2";
			};
			name = Debug;
		};
		D53D377725D7EB960070FC14 /* Release */ = {
			isa = XCBuildConfiguration;
			buildSettings = {
				ASSETCATALOG_COMPILER_APPICON_NAME = AppIcon;
				ASSETCATALOG_COMPILER_GLOBAL_ACCENT_COLOR_NAME = AccentColor;
				CODE_SIGN_STYLE = Automatic;
				INFOPLIST_FILE = GithubUsersViperTestTask/Info.plist;
				LD_RUNPATH_SEARCH_PATHS = (
					"$(inherited)",
					"@executable_path/Frameworks",
				);
				PRODUCT_BUNDLE_IDENTIFIER = Kt.GithubUsersViperTestTask;
				PRODUCT_NAME = "$(TARGET_NAME)";
				SWIFT_VERSION = 5.0;
				TARGETED_DEVICE_FAMILY = "1,2";
			};
			name = Release;
		};
/* End XCBuildConfiguration section */

/* Begin XCConfigurationList section */
		D53D375C25D7EB950070FC14 /* Build configuration list for PBXProject "GithubUsersViperTestTask" */ = {
			isa = XCConfigurationList;
			buildConfigurations = (
				D53D377325D7EB960070FC14 /* Debug */,
				D53D377425D7EB960070FC14 /* Release */,
			);
			defaultConfigurationIsVisible = 0;
			defaultConfigurationName = Release;
		};
		D53D377525D7EB960070FC14 /* Build configuration list for PBXNativeTarget "GithubUsersViperTestTask" */ = {
			isa = XCConfigurationList;
			buildConfigurations = (
				D53D377625D7EB960070FC14 /* Debug */,
				D53D377725D7EB960070FC14 /* Release */,
			);
			defaultConfigurationIsVisible = 0;
			defaultConfigurationName = Release;
		};
/* End XCConfigurationList section */
	};
	rootObject = D53D375925D7EB950070FC14 /* Project object */;
}
